
Microsoft Visual Studio Solution File, Format Version 12.00
# Visual Studio Version 17
VisualStudioVersion = 17.4.33205.214
MinimumVisualStudioVersion = 10.0.40219.1
Project("{9A19103F-16F7-4668-BE54-9A1E7A4F7556}") = "AwesomeLibrary.Web.UI", "AwesomeLibrary.Web.UI\AwesomeLibrary.Web.UI.csproj", "{3747AFDA-6254-403A-A539-EF6035DBC8C2}"
EndProject
Project("{9A19103F-16F7-4668-BE54-9A1E7A4F7556}") = "AwesomeLibrary.Web.API", "AwesomeLibrary.Web.API\AwesomeLibrary.Web.API.csproj", "{500E5660-6CE0-42C5-8A0D-816F58EC2F49}"
EndProject
Project("{9A19103F-16F7-4668-BE54-9A1E7A4F7556}") = "AwesomeLibrary.BLL", "AwesomeLibrary.BLL\AwesomeLibrary.BLL.csproj", "{DEA7E376-0B9C-46DD-86D6-589289752920}"
EndProject
Project("{9A19103F-16F7-4668-BE54-9A1E7A4F7556}") = "AwesomeLibrary.DAL", "AwesomeLibrary.DAL\AwesomeLibrary.DAL.csproj", "{82248B22-E12F-436C-851F-00E196F8B6C2}"
EndProject
Project("{FAE04EC0-301F-11D3-BF4B-00C04F79EFBC}") = "AwesomeLibrary.Test", "AwesomeLibrary.Test\AwesomeLibrary.Test.csproj", "{5699E66E-8EA5-4420-871C-74197A55A79B}"
EndProject
Global
	GlobalSection(SolutionConfigurationPlatforms) = preSolution
		Debug|Any CPU = Debug|Any CPU
		Release|Any CPU = Release|Any CPU
	EndGlobalSection
	GlobalSection(ProjectConfigurationPlatforms) = postSolution
		{3747AFDA-6254-403A-A539-EF6035DBC8C2}.Debug|Any CPU.ActiveCfg = Debug|Any CPU
		{3747AFDA-6254-403A-A539-EF6035DBC8C2}.Debug|Any CPU.Build.0 = Debug|Any CPU
		{3747AFDA-6254-403A-A539-EF6035DBC8C2}.Release|Any CPU.ActiveCfg = Release|Any CPU
		{3747AFDA-6254-403A-A539-EF6035DBC8C2}.Release|Any CPU.Build.0 = Release|Any CPU
		{500E5660-6CE0-42C5-8A0D-816F58EC2F49}.Debug|Any CPU.ActiveCfg = Debug|Any CPU
		{500E5660-6CE0-42C5-8A0D-816F58EC2F49}.Debug|Any CPU.Build.0 = Debug|Any CPU
		{500E5660-6CE0-42C5-8A0D-816F58EC2F49}.Release|Any CPU.ActiveCfg = Release|Any CPU
		{500E5660-6CE0-42C5-8A0D-816F58EC2F49}.Release|Any CPU.Build.0 = Release|Any CPU
		{DEA7E376-0B9C-46DD-86D6-589289752920}.Debug|Any CPU.ActiveCfg = Debug|Any CPU
		{DEA7E376-0B9C-46DD-86D6-589289752920}.Debug|Any CPU.Build.0 = Debug|Any CPU
		{DEA7E376-0B9C-46DD-86D6-589289752920}.Release|Any CPU.ActiveCfg = Release|Any CPU
		{DEA7E376-0B9C-46DD-86D6-589289752920}.Release|Any CPU.Build.0 = Release|Any CPU
		{82248B22-E12F-436C-851F-00E196F8B6C2}.Debug|Any CPU.ActiveCfg = Debug|Any CPU
		{82248B22-E12F-436C-851F-00E196F8B6C2}.Debug|Any CPU.Build.0 = Debug|Any CPU
		{82248B22-E12F-436C-851F-00E196F8B6C2}.Release|Any CPU.ActiveCfg = Release|Any CPU
		{82248B22-E12F-436C-851F-00E196F8B6C2}.Release|Any CPU.Build.0 = Release|Any CPU
		{5699E66E-8EA5-4420-871C-74197A55A79B}.Debug|Any CPU.ActiveCfg = Debug|Any CPU
		{5699E66E-8EA5-4420-871C-74197A55A79B}.Debug|Any CPU.Build.0 = Debug|Any CPU
		{5699E66E-8EA5-4420-871C-74197A55A79B}.Release|Any CPU.ActiveCfg = Release|Any CPU
		{5699E66E-8EA5-4420-871C-74197A55A79B}.Release|Any CPU.Build.0 = Release|Any CPU
	EndGlobalSection
	GlobalSection(SolutionProperties) = preSolution
		HideSolutionNode = FALSE
	EndGlobalSection
	GlobalSection(ExtensibilityGlobals) = postSolution
		SolutionGuid = {A57B40DD-25D1-4656-8720-7C82FF3988FB}
	EndGlobalSection
EndGlobal
